// !$*UTF8*$!
{
	archiveVersion = 1;
	classes = {
	};
	objectVersion = 56;
	objects = {

/* Begin PBXBuildFile section */
		0A0EBB402B47CAE20098375B /* TransactionModel.swift in Sources */ = {isa = PBXBuildFile; fileRef = 0A0EBB3F2B47CAE20098375B /* TransactionModel.swift */; };
		0A3D5D632B4D707300574686 /* RecordBottomSheetViewController.swift in Sources */ = {isa = PBXBuildFile; fileRef = 0A3D5D622B4D707300574686 /* RecordBottomSheetViewController.swift */; };
		0A9DA8132B405C3E005C4B23 /* OpenNewPageViewController.swift in Sources */ = {isa = PBXBuildFile; fileRef = 0A9DA8122B405C3E005C4B23 /* OpenNewPageViewController.swift */; };
		0A9E0A472B3DCAB90094595A /* AppDelegate.swift in Sources */ = {isa = PBXBuildFile; fileRef = 0A9E0A462B3DCAB90094595A /* AppDelegate.swift */; };
		0A9E0A492B3DCAB90094595A /* SceneDelegate.swift in Sources */ = {isa = PBXBuildFile; fileRef = 0A9E0A482B3DCAB90094595A /* SceneDelegate.swift */; };
		0A9E0A4B2B3DCAB90094595A /* MainViewController.swift in Sources */ = {isa = PBXBuildFile; fileRef = 0A9E0A4A2B3DCAB90094595A /* MainViewController.swift */; };
		0A9E0A502B3DCAB90094595A /* Assets.xcassets in Resources */ = {isa = PBXBuildFile; fileRef = 0A9E0A4F2B3DCAB90094595A /* Assets.xcassets */; };
		0A9E0A532B3DCAB90094595A /* LaunchScreen.storyboard in Resources */ = {isa = PBXBuildFile; fileRef = 0A9E0A512B3DCAB90094595A /* LaunchScreen.storyboard */; };
		0A9E0AA92B3DD4D20094595A /* .gitignore in Resources */ = {isa = PBXBuildFile; fileRef = 0A9E0AA82B3DD4D20094595A /* .gitignore */; };
		0AA616202B45683100F720B3 /* OpenNewPage2ViewController.swift in Sources */ = {isa = PBXBuildFile; fileRef = 0AA6161F2B45683100F720B3 /* OpenNewPage2ViewController.swift */; };
		0AA616242B4579E300F720B3 /* CustomPopupViewController.swift in Sources */ = {isa = PBXBuildFile; fileRef = 0AA616232B4579E300F720B3 /* CustomPopupViewController.swift */; };
		0AAA737B2B4C55640076065B /* SnapKit in Frameworks */ = {isa = PBXBuildFile; productRef = 0AAA737A2B4C55640076065B /* SnapKit */; };
		611F14552B47070B00B983F1 /* RecordingSegmentedViewController.swift in Sources */ = {isa = PBXBuildFile; fileRef = 611F14542B47070B00B983F1 /* RecordingSegmentedViewController.swift */; };
		611F14582B47074000B983F1 /* Tabman in Frameworks */ = {isa = PBXBuildFile; productRef = 611F14572B47074000B983F1 /* Tabman */; };
		611F145A2B4707CC00B983F1 /* RecordingRoomViewController.swift in Sources */ = {isa = PBXBuildFile; fileRef = 611F14592B4707CC00B983F1 /* RecordingRoomViewController.swift */; };
		611F145C2B4707DF00B983F1 /* CheckListViewController.swift in Sources */ = {isa = PBXBuildFile; fileRef = 611F145B2B4707DF00B983F1 /* CheckListViewController.swift */; };
		611F145E2B471ECA00B983F1 /* CALayer+Extension.swift in Sources */ = {isa = PBXBuildFile; fileRef = 611F145D2B471ECA00B983F1 /* CALayer+Extension.swift */; };
		616408E12B405B7200EC3B5E /* ImjangNoteViewController.swift in Sources */ = {isa = PBXBuildFile; fileRef = 616408E02B405B7200EC3B5E /* ImjangNoteViewController.swift */; };
		616408E92B405DA100EC3B5E /* Then in Frameworks */ = {isa = PBXBuildFile; productRef = 616408E82B405DA100EC3B5E /* Then */; };
		616408EC2B407A2D00EC3B5E /* UIView+Extensions.swift in Sources */ = {isa = PBXBuildFile; fileRef = 616408EB2B407A2D00EC3B5E /* UIView+Extensions.swift */; };
		616409022B407FB300EC3B5E /* UIFont+Pretendard.swift in Sources */ = {isa = PBXBuildFile; fileRef = 616409012B407FB300EC3B5E /* UIFont+Pretendard.swift */; };
		61A7B9262B4C4EC300795B49 /* Pretendard-Regular.otf in Resources */ = {isa = PBXBuildFile; fileRef = 61A7B91D2B4C4EC200795B49 /* Pretendard-Regular.otf */; };
		61A7B9272B4C4EC300795B49 /* Pretendard-ExtraLight.otf in Resources */ = {isa = PBXBuildFile; fileRef = 61A7B91E2B4C4EC200795B49 /* Pretendard-ExtraLight.otf */; };
		61A7B9282B4C4EC300795B49 /* Pretendard-SemiBold.otf in Resources */ = {isa = PBXBuildFile; fileRef = 61A7B91F2B4C4EC200795B49 /* Pretendard-SemiBold.otf */; };
		61A7B9292B4C4EC300795B49 /* Pretendard-Thin.otf in Resources */ = {isa = PBXBuildFile; fileRef = 61A7B9202B4C4EC200795B49 /* Pretendard-Thin.otf */; };
		61A7B92A2B4C4EC300795B49 /* Pretendard-Medium.otf in Resources */ = {isa = PBXBuildFile; fileRef = 61A7B9212B4C4EC300795B49 /* Pretendard-Medium.otf */; };
		61A7B92B2B4C4EC300795B49 /* Pretendard-Light.otf in Resources */ = {isa = PBXBuildFile; fileRef = 61A7B9222B4C4EC300795B49 /* Pretendard-Light.otf */; };
		61A7B92C2B4C4EC300795B49 /* Pretendard-Black.otf in Resources */ = {isa = PBXBuildFile; fileRef = 61A7B9232B4C4EC300795B49 /* Pretendard-Black.otf */; };
		61A7B92D2B4C4EC300795B49 /* Pretendard-Bold.otf in Resources */ = {isa = PBXBuildFile; fileRef = 61A7B9242B4C4EC300795B49 /* Pretendard-Bold.otf */; };
		61A7B92E2B4C4EC300795B49 /* Pretendard-ExtraBold.otf in Resources */ = {isa = PBXBuildFile; fileRef = 61A7B9252B4C4EC300795B49 /* Pretendard-ExtraBold.otf */; };
		61D925052B486508002A16B4 /* RecordingFileViewCell.swift in Sources */ = {isa = PBXBuildFile; fileRef = 61D925042B486508002A16B4 /* RecordingFileViewCell.swift */; };
		61D925082B486706002A16B4 /* RecordingFileItem.swift in Sources */ = {isa = PBXBuildFile; fileRef = 61D925072B486706002A16B4 /* RecordingFileItem.swift */; };
		61D9250A2B49506D002A16B4 /* RecordingFilesViewController.swift in Sources */ = {isa = PBXBuildFile; fileRef = 61D925092B49506D002A16B4 /* RecordingFilesViewController.swift */; };
		61D9250F2B4965D0002A16B4 /* IQKeyboardManagerSwift in Frameworks */ = {isa = PBXBuildFile; productRef = 61D9250E2B4965D0002A16B4 /* IQKeyboardManagerSwift */; };
		61D925112B4983A1002A16B4 /* UILabel+Extension.swift in Sources */ = {isa = PBXBuildFile; fileRef = 61D925102B4983A1002A16B4 /* UILabel+Extension.swift */; };
/* End PBXBuildFile section */

/* Begin PBXFileReference section */
		0A0EBB3F2B47CAE20098375B /* TransactionModel.swift */ = {isa = PBXFileReference; lastKnownFileType = sourcecode.swift; path = TransactionModel.swift; sourceTree = "<group>"; };
		0A3D5D622B4D707300574686 /* RecordBottomSheetViewController.swift */ = {isa = PBXFileReference; lastKnownFileType = sourcecode.swift; path = RecordBottomSheetViewController.swift; sourceTree = "<group>"; };
		0A9DA8122B405C3E005C4B23 /* OpenNewPageViewController.swift */ = {isa = PBXFileReference; lastKnownFileType = sourcecode.swift; path = OpenNewPageViewController.swift; sourceTree = "<group>"; };
		0A9E0A432B3DCAB90094595A /* juinjang.app */ = {isa = PBXFileReference; explicitFileType = wrapper.application; includeInIndex = 0; path = juinjang.app; sourceTree = BUILT_PRODUCTS_DIR; };
		0A9E0A462B3DCAB90094595A /* AppDelegate.swift */ = {isa = PBXFileReference; lastKnownFileType = sourcecode.swift; path = AppDelegate.swift; sourceTree = "<group>"; };
		0A9E0A482B3DCAB90094595A /* SceneDelegate.swift */ = {isa = PBXFileReference; lastKnownFileType = sourcecode.swift; path = SceneDelegate.swift; sourceTree = "<group>"; };
		0A9E0A4A2B3DCAB90094595A /* MainViewController.swift */ = {isa = PBXFileReference; lastKnownFileType = sourcecode.swift; path = MainViewController.swift; sourceTree = "<group>"; };
		0A9E0A4F2B3DCAB90094595A /* Assets.xcassets */ = {isa = PBXFileReference; lastKnownFileType = folder.assetcatalog; path = Assets.xcassets; sourceTree = "<group>"; };
		0A9E0A522B3DCAB90094595A /* Base */ = {isa = PBXFileReference; lastKnownFileType = file.storyboard; name = Base; path = Base.lproj/LaunchScreen.storyboard; sourceTree = "<group>"; };
		0A9E0A542B3DCAB90094595A /* Info.plist */ = {isa = PBXFileReference; lastKnownFileType = text.plist.xml; path = Info.plist; sourceTree = "<group>"; };
		0A9E0AA82B3DD4D20094595A /* .gitignore */ = {isa = PBXFileReference; lastKnownFileType = text; name = .gitignore; path = ../.gitignore; sourceTree = "<group>"; };
		0AA6161F2B45683100F720B3 /* OpenNewPage2ViewController.swift */ = {isa = PBXFileReference; lastKnownFileType = sourcecode.swift; path = OpenNewPage2ViewController.swift; sourceTree = "<group>"; };
		0AA616232B4579E300F720B3 /* CustomPopupViewController.swift */ = {isa = PBXFileReference; lastKnownFileType = sourcecode.swift; path = CustomPopupViewController.swift; sourceTree = "<group>"; };
		611F14542B47070B00B983F1 /* RecordingSegmentedViewController.swift */ = {isa = PBXFileReference; lastKnownFileType = sourcecode.swift; path = RecordingSegmentedViewController.swift; sourceTree = "<group>"; };
		611F14592B4707CC00B983F1 /* RecordingRoomViewController.swift */ = {isa = PBXFileReference; lastKnownFileType = sourcecode.swift; path = RecordingRoomViewController.swift; sourceTree = "<group>"; };
		611F145B2B4707DF00B983F1 /* CheckListViewController.swift */ = {isa = PBXFileReference; lastKnownFileType = sourcecode.swift; path = CheckListViewController.swift; sourceTree = "<group>"; };
		611F145D2B471ECA00B983F1 /* CALayer+Extension.swift */ = {isa = PBXFileReference; lastKnownFileType = sourcecode.swift; path = "CALayer+Extension.swift"; sourceTree = "<group>"; };
		616408E02B405B7200EC3B5E /* ImjangNoteViewController.swift */ = {isa = PBXFileReference; lastKnownFileType = sourcecode.swift; path = ImjangNoteViewController.swift; sourceTree = "<group>"; };
		616408EB2B407A2D00EC3B5E /* UIView+Extensions.swift */ = {isa = PBXFileReference; lastKnownFileType = sourcecode.swift; path = "UIView+Extensions.swift"; sourceTree = "<group>"; };
		616409012B407FB300EC3B5E /* UIFont+Pretendard.swift */ = {isa = PBXFileReference; lastKnownFileType = sourcecode.swift; path = "UIFont+Pretendard.swift"; sourceTree = "<group>"; };
		61A7B91D2B4C4EC200795B49 /* Pretendard-Regular.otf */ = {isa = PBXFileReference; lastKnownFileType = file; path = "Pretendard-Regular.otf"; sourceTree = "<group>"; };
		61A7B91E2B4C4EC200795B49 /* Pretendard-ExtraLight.otf */ = {isa = PBXFileReference; lastKnownFileType = file; path = "Pretendard-ExtraLight.otf"; sourceTree = "<group>"; };
		61A7B91F2B4C4EC200795B49 /* Pretendard-SemiBold.otf */ = {isa = PBXFileReference; lastKnownFileType = file; path = "Pretendard-SemiBold.otf"; sourceTree = "<group>"; };
		61A7B9202B4C4EC200795B49 /* Pretendard-Thin.otf */ = {isa = PBXFileReference; lastKnownFileType = file; path = "Pretendard-Thin.otf"; sourceTree = "<group>"; };
		61A7B9212B4C4EC300795B49 /* Pretendard-Medium.otf */ = {isa = PBXFileReference; lastKnownFileType = file; path = "Pretendard-Medium.otf"; sourceTree = "<group>"; };
		61A7B9222B4C4EC300795B49 /* Pretendard-Light.otf */ = {isa = PBXFileReference; lastKnownFileType = file; path = "Pretendard-Light.otf"; sourceTree = "<group>"; };
		61A7B9232B4C4EC300795B49 /* Pretendard-Black.otf */ = {isa = PBXFileReference; lastKnownFileType = file; path = "Pretendard-Black.otf"; sourceTree = "<group>"; };
		61A7B9242B4C4EC300795B49 /* Pretendard-Bold.otf */ = {isa = PBXFileReference; lastKnownFileType = file; path = "Pretendard-Bold.otf"; sourceTree = "<group>"; };
		61A7B9252B4C4EC300795B49 /* Pretendard-ExtraBold.otf */ = {isa = PBXFileReference; lastKnownFileType = file; path = "Pretendard-ExtraBold.otf"; sourceTree = "<group>"; };
		61D925042B486508002A16B4 /* RecordingFileViewCell.swift */ = {isa = PBXFileReference; lastKnownFileType = sourcecode.swift; path = RecordingFileViewCell.swift; sourceTree = "<group>"; };
		61D925072B486706002A16B4 /* RecordingFileItem.swift */ = {isa = PBXFileReference; lastKnownFileType = sourcecode.swift; path = RecordingFileItem.swift; sourceTree = "<group>"; };
		61D925092B49506D002A16B4 /* RecordingFilesViewController.swift */ = {isa = PBXFileReference; lastKnownFileType = sourcecode.swift; path = RecordingFilesViewController.swift; sourceTree = "<group>"; };
		61D925102B4983A1002A16B4 /* UILabel+Extension.swift */ = {isa = PBXFileReference; lastKnownFileType = sourcecode.swift; path = "UILabel+Extension.swift"; sourceTree = "<group>"; };
/* End PBXFileReference section */

/* Begin PBXFrameworksBuildPhase section */
		0A9E0A402B3DCAB90094595A /* Frameworks */ = {
			isa = PBXFrameworksBuildPhase;
			buildActionMask = 2147483647;
			files = (
				61D9250F2B4965D0002A16B4 /* IQKeyboardManagerSwift in Frameworks */,
				0AAA737B2B4C55640076065B /* SnapKit in Frameworks */,
				611F14582B47074000B983F1 /* Tabman in Frameworks */,
				616408E92B405DA100EC3B5E /* Then in Frameworks */,
			);
			runOnlyForDeploymentPostprocessing = 0;
		};
/* End PBXFrameworksBuildPhase section */

/* Begin PBXGroup section */
		0A3D5D5C2B4D370A00574686 /* OpenNewpage */ = {
			isa = PBXGroup;
			children = (
				0A9DA8122B405C3E005C4B23 /* OpenNewPageViewController.swift */,
				0AA6161F2B45683100F720B3 /* OpenNewPage2ViewController.swift */,
				0AA616232B4579E300F720B3 /* CustomPopupViewController.swift */,
			);
			path = OpenNewpage;
			sourceTree = "<group>";
		};
		0A3D5D5D2B4D376C00574686 /* UserInterface */ = {
			isa = PBXGroup;
			children = (
				0A3D5D602B4D37BD00574686 /* Main */,
				0A3D5D5F2B4D37B000574686 /* CheckList */,
				0A3D5D5E2B4D379300574686 /* RecordingRoom */,
				0A3D5D5C2B4D370A00574686 /* OpenNewpage */,
			);
			path = UserInterface;
			sourceTree = "<group>";
		};
		0A3D5D5E2B4D379300574686 /* RecordingRoom */ = {
			isa = PBXGroup;
			children = (
				0A3D5D612B4D703700574686 /* RecordBottomSheet */,
				616408E02B405B7200EC3B5E /* ImjangNoteViewController.swift */,
				611F14542B47070B00B983F1 /* RecordingSegmentedViewController.swift */,
				611F14592B4707CC00B983F1 /* RecordingRoomViewController.swift */,
				61D925092B49506D002A16B4 /* RecordingFilesViewController.swift */,
			);
			path = RecordingRoom;
			sourceTree = "<group>";
		};
		0A3D5D5F2B4D37B000574686 /* CheckList */ = {
			isa = PBXGroup;
			children = (
				611F145B2B4707DF00B983F1 /* CheckListViewController.swift */,
			);
			path = CheckList;
			sourceTree = "<group>";
		};
		0A3D5D602B4D37BD00574686 /* Main */ = {
			isa = PBXGroup;
			children = (
				0A9E0A4A2B3DCAB90094595A /* MainViewController.swift */,
			);
			path = Main;
			sourceTree = "<group>";
		};
		0A3D5D612B4D703700574686 /* RecordBottomSheet */ = {
			isa = PBXGroup;
			children = (
				0A3D5D622B4D707300574686 /* RecordBottomSheetViewController.swift */,
			);
			path = RecordBottomSheet;
			sourceTree = "<group>";
		};
		0A9E0A3A2B3DCAB90094595A = {
			isa = PBXGroup;
			children = (
				0A9E0AA82B3DD4D20094595A /* .gitignore */,
				0A9E0A452B3DCAB90094595A /* juinjang */,
				0A9E0A442B3DCAB90094595A /* Products */,
			);
			sourceTree = "<group>";
		};
		0A9E0A442B3DCAB90094595A /* Products */ = {
			isa = PBXGroup;
			children = (
				0A9E0A432B3DCAB90094595A /* juinjang.app */,
			);
			name = Products;
			sourceTree = "<group>";
		};
		0A9E0A452B3DCAB90094595A /* juinjang */ = {
			isa = PBXGroup;
			children = (
				0A3D5D5D2B4D376C00574686 /* UserInterface */,
				616408EA2B407A2100EC3B5E /* Extension */,
				61D925062B4866D9002A16B4 /* Model */,
				61D925032B4864E8002A16B4 /* Cell */,
				0A9E0A462B3DCAB90094595A /* AppDelegate.swift */,
				0A9E0A482B3DCAB90094595A /* SceneDelegate.swift */,
				0A9E0A4F2B3DCAB90094595A /* Assets.xcassets */,
				0A9E0A512B3DCAB90094595A /* LaunchScreen.storyboard */,
				0A9E0A542B3DCAB90094595A /* Info.plist */,
				616408ED2B407E4400EC3B5E /* Resources */,
			);
			path = juinjang;
			sourceTree = "<group>";
		};
		616408EA2B407A2100EC3B5E /* Extension */ = {
			isa = PBXGroup;
			children = (
				616408EB2B407A2D00EC3B5E /* UIView+Extensions.swift */,
				616409012B407FB300EC3B5E /* UIFont+Pretendard.swift */,
				611F145D2B471ECA00B983F1 /* CALayer+Extension.swift */,
				61D925102B4983A1002A16B4 /* UILabel+Extension.swift */,
			);
			path = Extension;
			sourceTree = "<group>";
		};
		616408ED2B407E4400EC3B5E /* Resources */ = {
			isa = PBXGroup;
			children = (
				616408EE2B407E6300EC3B5E /* Fonts */,
			);
			path = Resources;
			sourceTree = "<group>";
		};
		616408EE2B407E6300EC3B5E /* Fonts */ = {
			isa = PBXGroup;
			children = (
				61A7B9232B4C4EC300795B49 /* Pretendard-Black.otf */,
				61A7B9242B4C4EC300795B49 /* Pretendard-Bold.otf */,
				61A7B9252B4C4EC300795B49 /* Pretendard-ExtraBold.otf */,
				61A7B91E2B4C4EC200795B49 /* Pretendard-ExtraLight.otf */,
				61A7B9222B4C4EC300795B49 /* Pretendard-Light.otf */,
				61A7B9212B4C4EC300795B49 /* Pretendard-Medium.otf */,
				61A7B91D2B4C4EC200795B49 /* Pretendard-Regular.otf */,
				61A7B91F2B4C4EC200795B49 /* Pretendard-SemiBold.otf */,
				61A7B9202B4C4EC200795B49 /* Pretendard-Thin.otf */,
			);
			path = Fonts;
			sourceTree = "<group>";
		};
		61D925032B4864E8002A16B4 /* Cell */ = {
			isa = PBXGroup;
			children = (
				61D925042B486508002A16B4 /* RecordingFileViewCell.swift */,
			);
			path = Cell;
			sourceTree = "<group>";
		};
		61D925062B4866D9002A16B4 /* Model */ = {
			isa = PBXGroup;
			children = (
				0A0EBB3F2B47CAE20098375B /* TransactionModel.swift */,
				61D925072B486706002A16B4 /* RecordingFileItem.swift */,
			);
			path = Model;
			sourceTree = "<group>";
		};
/* End PBXGroup section */

/* Begin PBXNativeTarget section */
		0A9E0A422B3DCAB90094595A /* juinjang */ = {
			isa = PBXNativeTarget;
			buildConfigurationList = 0A9E0A572B3DCAB90094595A /* Build configuration list for PBXNativeTarget "juinjang" */;
			buildPhases = (
				0A9E0A3F2B3DCAB90094595A /* Sources */,
				0A9E0A402B3DCAB90094595A /* Frameworks */,
				0A9E0A412B3DCAB90094595A /* Resources */,
			);
			buildRules = (
			);
			dependencies = (
			);
			name = juinjang;
			packageProductDependencies = (
				616408E82B405DA100EC3B5E /* Then */,
				611F14572B47074000B983F1 /* Tabman */,
				61D9250E2B4965D0002A16B4 /* IQKeyboardManagerSwift */,
				0AAA737A2B4C55640076065B /* SnapKit */,
			);
			productName = juinjang;
			productReference = 0A9E0A432B3DCAB90094595A /* juinjang.app */;
			productType = "com.apple.product-type.application";
		};
/* End PBXNativeTarget section */

/* Begin PBXProject section */
		0A9E0A3B2B3DCAB90094595A /* Project object */ = {
			isa = PBXProject;
			attributes = {
				BuildIndependentTargetsInParallel = 1;
				LastSwiftUpdateCheck = 1430;
				LastUpgradeCheck = 1430;
				TargetAttributes = {
					0A9E0A422B3DCAB90094595A = {
						CreatedOnToolsVersion = 14.3.1;
					};
				};
			};
			buildConfigurationList = 0A9E0A3E2B3DCAB90094595A /* Build configuration list for PBXProject "juinjang" */;
			compatibilityVersion = "Xcode 14.0";
			developmentRegion = en;
			hasScannedForEncodings = 0;
			knownRegions = (
				en,
				Base,
			);
			mainGroup = 0A9E0A3A2B3DCAB90094595A;
			packageReferences = (
				616408E72B405DA100EC3B5E /* XCRemoteSwiftPackageReference "Then" */,
				611F14562B47074000B983F1 /* XCRemoteSwiftPackageReference "Tabman" */,
				61D9250D2B4965D0002A16B4 /* XCRemoteSwiftPackageReference "IQKeyboardManager" */,
				0AAA73792B4C55640076065B /* XCRemoteSwiftPackageReference "SnapKit" */,
			);
			productRefGroup = 0A9E0A442B3DCAB90094595A /* Products */;
			projectDirPath = "";
			projectRoot = "";
			targets = (
				0A9E0A422B3DCAB90094595A /* juinjang */,
			);
		};
/* End PBXProject section */

/* Begin PBXResourcesBuildPhase section */
		0A9E0A412B3DCAB90094595A /* Resources */ = {
			isa = PBXResourcesBuildPhase;
			buildActionMask = 2147483647;
			files = (
				61A7B92D2B4C4EC300795B49 /* Pretendard-Bold.otf in Resources */,
				0A9E0AA92B3DD4D20094595A /* .gitignore in Resources */,
				61A7B92E2B4C4EC300795B49 /* Pretendard-ExtraBold.otf in Resources */,
				61A7B9262B4C4EC300795B49 /* Pretendard-Regular.otf in Resources */,
				61A7B9292B4C4EC300795B49 /* Pretendard-Thin.otf in Resources */,
				61A7B92A2B4C4EC300795B49 /* Pretendard-Medium.otf in Resources */,
				61A7B92C2B4C4EC300795B49 /* Pretendard-Black.otf in Resources */,
				61A7B9272B4C4EC300795B49 /* Pretendard-ExtraLight.otf in Resources */,
				61A7B9282B4C4EC300795B49 /* Pretendard-SemiBold.otf in Resources */,
				0A9E0A532B3DCAB90094595A /* LaunchScreen.storyboard in Resources */,
				0A9E0A502B3DCAB90094595A /* Assets.xcassets in Resources */,
				61A7B92B2B4C4EC300795B49 /* Pretendard-Light.otf in Resources */,
			);
			runOnlyForDeploymentPostprocessing = 0;
		};
/* End PBXResourcesBuildPhase section */

/* Begin PBXSourcesBuildPhase section */
		0A9E0A3F2B3DCAB90094595A /* Sources */ = {
			isa = PBXSourcesBuildPhase;
			buildActionMask = 2147483647;
			files = (
				616408E12B405B7200EC3B5E /* ImjangNoteViewController.swift in Sources */,
				61D9250A2B49506D002A16B4 /* RecordingFilesViewController.swift in Sources */,
				0A9E0A4B2B3DCAB90094595A /* MainViewController.swift in Sources */,
				61D925082B486706002A16B4 /* RecordingFileItem.swift in Sources */,
				0A9E0A472B3DCAB90094595A /* AppDelegate.swift in Sources */,
				611F145E2B471ECA00B983F1 /* CALayer+Extension.swift in Sources */,
				61D925052B486508002A16B4 /* RecordingFileViewCell.swift in Sources */,
				611F14552B47070B00B983F1 /* RecordingSegmentedViewController.swift in Sources */,
				611F145C2B4707DF00B983F1 /* CheckListViewController.swift in Sources */,
				616409022B407FB300EC3B5E /* UIFont+Pretendard.swift in Sources */,
				61D925112B4983A1002A16B4 /* UILabel+Extension.swift in Sources */,
				616408EC2B407A2D00EC3B5E /* UIView+Extensions.swift in Sources */,
				0AA616242B4579E300F720B3 /* CustomPopupViewController.swift in Sources */,
				0A3D5D632B4D707300574686 /* RecordBottomSheetViewController.swift in Sources */,
				0A9E0A4B2B3DCAB90094595A /* MainViewController.swift in Sources */,
				0AA616202B45683100F720B3 /* OpenNewPage2ViewController.swift in Sources */,
				0A9E0A472B3DCAB90094595A /* AppDelegate.swift in Sources */,
				0A0EBB402B47CAE20098375B /* TransactionModel.swift in Sources */,
				0A9DA8132B405C3E005C4B23 /* OpenNewPageViewController.swift in Sources */,
				0A9E0A492B3DCAB90094595A /* SceneDelegate.swift in Sources */,
				611F145A2B4707CC00B983F1 /* RecordingRoomViewController.swift in Sources */,
			);
			runOnlyForDeploymentPostprocessing = 0;
		};
/* End PBXSourcesBuildPhase section */

/* Begin PBXVariantGroup section */
		0A9E0A512B3DCAB90094595A /* LaunchScreen.storyboard */ = {
			isa = PBXVariantGroup;
			children = (
				0A9E0A522B3DCAB90094595A /* Base */,
			);
			name = LaunchScreen.storyboard;
			sourceTree = "<group>";
		};
/* End PBXVariantGroup section */

/* Begin XCBuildConfiguration section */
		0A9E0A552B3DCAB90094595A /* Debug */ = {
			isa = XCBuildConfiguration;
			buildSettings = {
				ALWAYS_SEARCH_USER_PATHS = NO;
				CLANG_ANALYZER_NONNULL = YES;
				CLANG_ANALYZER_NUMBER_OBJECT_CONVERSION = YES_AGGRESSIVE;
				CLANG_CXX_LANGUAGE_STANDARD = "gnu++20";
				CLANG_ENABLE_MODULES = YES;
				CLANG_ENABLE_OBJC_ARC = YES;
				CLANG_ENABLE_OBJC_WEAK = YES;
				CLANG_WARN_BLOCK_CAPTURE_AUTORELEASING = YES;
				CLANG_WARN_BOOL_CONVERSION = YES;
				CLANG_WARN_COMMA = YES;
				CLANG_WARN_CONSTANT_CONVERSION = YES;
				CLANG_WARN_DEPRECATED_OBJC_IMPLEMENTATIONS = YES;
				CLANG_WARN_DIRECT_OBJC_ISA_USAGE = YES_ERROR;
				CLANG_WARN_DOCUMENTATION_COMMENTS = YES;
				CLANG_WARN_EMPTY_BODY = YES;
				CLANG_WARN_ENUM_CONVERSION = YES;
				CLANG_WARN_INFINITE_RECURSION = YES;
				CLANG_WARN_INT_CONVERSION = YES;
				CLANG_WARN_NON_LITERAL_NULL_CONVERSION = YES;
				CLANG_WARN_OBJC_IMPLICIT_RETAIN_SELF = YES;
				CLANG_WARN_OBJC_LITERAL_CONVERSION = YES;
				CLANG_WARN_OBJC_ROOT_CLASS = YES_ERROR;
				CLANG_WARN_QUOTED_INCLUDE_IN_FRAMEWORK_HEADER = YES;
				CLANG_WARN_RANGE_LOOP_ANALYSIS = YES;
				CLANG_WARN_STRICT_PROTOTYPES = YES;
				CLANG_WARN_SUSPICIOUS_MOVE = YES;
				CLANG_WARN_UNGUARDED_AVAILABILITY = YES_AGGRESSIVE;
				CLANG_WARN_UNREACHABLE_CODE = YES;
				CLANG_WARN__DUPLICATE_METHOD_MATCH = YES;
				COPY_PHASE_STRIP = NO;
				DEBUG_INFORMATION_FORMAT = dwarf;
				ENABLE_STRICT_OBJC_MSGSEND = YES;
				ENABLE_TESTABILITY = YES;
				GCC_C_LANGUAGE_STANDARD = gnu11;
				GCC_DYNAMIC_NO_PIC = NO;
				GCC_NO_COMMON_BLOCKS = YES;
				GCC_OPTIMIZATION_LEVEL = 0;
				GCC_PREPROCESSOR_DEFINITIONS = (
					"DEBUG=1",
					"$(inherited)",
				);
				GCC_WARN_64_TO_32_BIT_CONVERSION = YES;
				GCC_WARN_ABOUT_RETURN_TYPE = YES_ERROR;
				GCC_WARN_UNDECLARED_SELECTOR = YES;
				GCC_WARN_UNINITIALIZED_AUTOS = YES_AGGRESSIVE;
				GCC_WARN_UNUSED_FUNCTION = YES;
				GCC_WARN_UNUSED_VARIABLE = YES;
				IPHONEOS_DEPLOYMENT_TARGET = 16.4;
				MTL_ENABLE_DEBUG_INFO = INCLUDE_SOURCE;
				MTL_FAST_MATH = YES;
				ONLY_ACTIVE_ARCH = YES;
				SDKROOT = iphoneos;
				SWIFT_ACTIVE_COMPILATION_CONDITIONS = DEBUG;
				SWIFT_OPTIMIZATION_LEVEL = "-Onone";
			};
			name = Debug;
		};
		0A9E0A562B3DCAB90094595A /* Release */ = {
			isa = XCBuildConfiguration;
			buildSettings = {
				ALWAYS_SEARCH_USER_PATHS = NO;
				CLANG_ANALYZER_NONNULL = YES;
				CLANG_ANALYZER_NUMBER_OBJECT_CONVERSION = YES_AGGRESSIVE;
				CLANG_CXX_LANGUAGE_STANDARD = "gnu++20";
				CLANG_ENABLE_MODULES = YES;
				CLANG_ENABLE_OBJC_ARC = YES;
				CLANG_ENABLE_OBJC_WEAK = YES;
				CLANG_WARN_BLOCK_CAPTURE_AUTORELEASING = YES;
				CLANG_WARN_BOOL_CONVERSION = YES;
				CLANG_WARN_COMMA = YES;
				CLANG_WARN_CONSTANT_CONVERSION = YES;
				CLANG_WARN_DEPRECATED_OBJC_IMPLEMENTATIONS = YES;
				CLANG_WARN_DIRECT_OBJC_ISA_USAGE = YES_ERROR;
				CLANG_WARN_DOCUMENTATION_COMMENTS = YES;
				CLANG_WARN_EMPTY_BODY = YES;
				CLANG_WARN_ENUM_CONVERSION = YES;
				CLANG_WARN_INFINITE_RECURSION = YES;
				CLANG_WARN_INT_CONVERSION = YES;
				CLANG_WARN_NON_LITERAL_NULL_CONVERSION = YES;
				CLANG_WARN_OBJC_IMPLICIT_RETAIN_SELF = YES;
				CLANG_WARN_OBJC_LITERAL_CONVERSION = YES;
				CLANG_WARN_OBJC_ROOT_CLASS = YES_ERROR;
				CLANG_WARN_QUOTED_INCLUDE_IN_FRAMEWORK_HEADER = YES;
				CLANG_WARN_RANGE_LOOP_ANALYSIS = YES;
				CLANG_WARN_STRICT_PROTOTYPES = YES;
				CLANG_WARN_SUSPICIOUS_MOVE = YES;
				CLANG_WARN_UNGUARDED_AVAILABILITY = YES_AGGRESSIVE;
				CLANG_WARN_UNREACHABLE_CODE = YES;
				CLANG_WARN__DUPLICATE_METHOD_MATCH = YES;
				COPY_PHASE_STRIP = NO;
				DEBUG_INFORMATION_FORMAT = "dwarf-with-dsym";
				ENABLE_NS_ASSERTIONS = NO;
				ENABLE_STRICT_OBJC_MSGSEND = YES;
				GCC_C_LANGUAGE_STANDARD = gnu11;
				GCC_NO_COMMON_BLOCKS = YES;
				GCC_WARN_64_TO_32_BIT_CONVERSION = YES;
				GCC_WARN_ABOUT_RETURN_TYPE = YES_ERROR;
				GCC_WARN_UNDECLARED_SELECTOR = YES;
				GCC_WARN_UNINITIALIZED_AUTOS = YES_AGGRESSIVE;
				GCC_WARN_UNUSED_FUNCTION = YES;
				GCC_WARN_UNUSED_VARIABLE = YES;
				IPHONEOS_DEPLOYMENT_TARGET = 16.4;
				MTL_ENABLE_DEBUG_INFO = NO;
				MTL_FAST_MATH = YES;
				SDKROOT = iphoneos;
				SWIFT_COMPILATION_MODE = wholemodule;
				SWIFT_OPTIMIZATION_LEVEL = "-O";
				VALIDATE_PRODUCT = YES;
			};
			name = Release;
		};
		0A9E0A582B3DCAB90094595A /* Debug */ = {
			isa = XCBuildConfiguration;
			buildSettings = {
				ASSETCATALOG_COMPILER_APPICON_NAME = AppIcon;
				ASSETCATALOG_COMPILER_GLOBAL_ACCENT_COLOR_NAME = AccentColor;
				CODE_SIGN_STYLE = Automatic;
				CURRENT_PROJECT_VERSION = 1;
				DEVELOPMENT_TEAM = T2Q8P9627P;
				GENERATE_INFOPLIST_FILE = YES;
				INFOPLIST_FILE = juinjang/Info.plist;
				INFOPLIST_KEY_UIApplicationSupportsIndirectInputEvents = YES;
				INFOPLIST_KEY_UILaunchStoryboardName = LaunchScreen;
				INFOPLIST_KEY_UIMainStoryboardFile = "";
				INFOPLIST_KEY_UISupportedInterfaceOrientations_iPad = "UIInterfaceOrientationPortrait UIInterfaceOrientationPortraitUpsideDown UIInterfaceOrientationLandscapeLeft UIInterfaceOrientationLandscapeRight";
				INFOPLIST_KEY_UISupportedInterfaceOrientations_iPhone = "UIInterfaceOrientationPortrait UIInterfaceOrientationLandscapeLeft UIInterfaceOrientationLandscapeRight";
				IPHONEOS_DEPLOYMENT_TARGET = 13.0;
				LD_RUNPATH_SEARCH_PATHS = (
					"$(inherited)",
					"@executable_path/Frameworks",
				);
				MARKETING_VERSION = 1.0;
				PRODUCT_BUNDLE_IDENTIFIER = "juinjang-ios.juinjang";
				PRODUCT_NAME = "$(TARGET_NAME)";
				SUPPORTED_PLATFORMS = "iphoneos iphonesimulator";
				SUPPORTS_MACCATALYST = NO;
				SUPPORTS_MAC_DESIGNED_FOR_IPHONE_IPAD = NO;
				SWIFT_EMIT_LOC_STRINGS = YES;
				SWIFT_VERSION = 5.0;
				TARGETED_DEVICE_FAMILY = 1;
			};
			name = Debug;
		};
		0A9E0A592B3DCAB90094595A /* Release */ = {
			isa = XCBuildConfiguration;
			buildSettings = {
				ASSETCATALOG_COMPILER_APPICON_NAME = AppIcon;
				ASSETCATALOG_COMPILER_GLOBAL_ACCENT_COLOR_NAME = AccentColor;
				CODE_SIGN_STYLE = Automatic;
				CURRENT_PROJECT_VERSION = 1;
				DEVELOPMENT_TEAM = T2Q8P9627P;
				GENERATE_INFOPLIST_FILE = YES;
				INFOPLIST_FILE = juinjang/Info.plist;
				INFOPLIST_KEY_UIApplicationSupportsIndirectInputEvents = YES;
				INFOPLIST_KEY_UILaunchStoryboardName = LaunchScreen;
				INFOPLIST_KEY_UIMainStoryboardFile = "";
				INFOPLIST_KEY_UISupportedInterfaceOrientations_iPad = "UIInterfaceOrientationPortrait UIInterfaceOrientationPortraitUpsideDown UIInterfaceOrientationLandscapeLeft UIInterfaceOrientationLandscapeRight";
				INFOPLIST_KEY_UISupportedInterfaceOrientations_iPhone = "UIInterfaceOrientationPortrait UIInterfaceOrientationLandscapeLeft UIInterfaceOrientationLandscapeRight";
				IPHONEOS_DEPLOYMENT_TARGET = 13.0;
				LD_RUNPATH_SEARCH_PATHS = (
					"$(inherited)",
					"@executable_path/Frameworks",
				);
				MARKETING_VERSION = 1.0;
				PRODUCT_BUNDLE_IDENTIFIER = "juinjang-ios.juinjang";
				PRODUCT_NAME = "$(TARGET_NAME)";
				SUPPORTED_PLATFORMS = "iphoneos iphonesimulator";
				SUPPORTS_MACCATALYST = NO;
				SUPPORTS_MAC_DESIGNED_FOR_IPHONE_IPAD = NO;
				SWIFT_EMIT_LOC_STRINGS = YES;
				SWIFT_VERSION = 5.0;
				TARGETED_DEVICE_FAMILY = 1;
			};
			name = Release;
		};
/* End XCBuildConfiguration section */

/* Begin XCConfigurationList section */
		0A9E0A3E2B3DCAB90094595A /* Build configuration list for PBXProject "juinjang" */ = {
			isa = XCConfigurationList;
			buildConfigurations = (
				0A9E0A552B3DCAB90094595A /* Debug */,
				0A9E0A562B3DCAB90094595A /* Release */,
			);
			defaultConfigurationIsVisible = 0;
			defaultConfigurationName = Release;
		};
		0A9E0A572B3DCAB90094595A /* Build configuration list for PBXNativeTarget "juinjang" */ = {
			isa = XCConfigurationList;
			buildConfigurations = (
				0A9E0A582B3DCAB90094595A /* Debug */,
				0A9E0A592B3DCAB90094595A /* Release */,
			);
			defaultConfigurationIsVisible = 0;
			defaultConfigurationName = Release;
		};
/* End XCConfigurationList section */

/* Begin XCRemoteSwiftPackageReference section */
		0AAA73792B4C55640076065B /* XCRemoteSwiftPackageReference "SnapKit" */ = {
			isa = XCRemoteSwiftPackageReference;
			repositoryURL = "https://github.com/SnapKit/SnapKit";
			requirement = {
				kind = upToNextMajorVersion;
				minimumVersion = 5.0.0;
			};
		};
		611F14562B47074000B983F1 /* XCRemoteSwiftPackageReference "Tabman" */ = {
			isa = XCRemoteSwiftPackageReference;
			repositoryURL = "https://github.com/uias/Tabman.git";
			requirement = {
				kind = upToNextMajorVersion;
				minimumVersion = 3.0.2;
			};
		};
		616408E72B405DA100EC3B5E /* XCRemoteSwiftPackageReference "Then" */ = {
			isa = XCRemoteSwiftPackageReference;
			repositoryURL = "https://github.com/devxoul/Then";
			requirement = {
				kind = upToNextMajorVersion;
				minimumVersion = 3.0.0;
			};
		};
		61D9250D2B4965D0002A16B4 /* XCRemoteSwiftPackageReference "IQKeyboardManager" */ = {
			isa = XCRemoteSwiftPackageReference;
			repositoryURL = "https://github.com/hackiftekhar/IQKeyboardManager";
			requirement = {
				kind = upToNextMajorVersion;
				minimumVersion = 6.5.16;
			};
		};
/* End XCRemoteSwiftPackageReference section */

/* Begin XCSwiftPackageProductDependency section */
		0AAA737A2B4C55640076065B /* SnapKit */ = {
			isa = XCSwiftPackageProductDependency;
			package = 0AAA73792B4C55640076065B /* XCRemoteSwiftPackageReference "SnapKit" */;
			productName = SnapKit;
		};
		611F14572B47074000B983F1 /* Tabman */ = {
			isa = XCSwiftPackageProductDependency;
			package = 611F14562B47074000B983F1 /* XCRemoteSwiftPackageReference "Tabman" */;
			productName = Tabman;
		};
		616408E82B405DA100EC3B5E /* Then */ = {
			isa = XCSwiftPackageProductDependency;
			package = 616408E72B405DA100EC3B5E /* XCRemoteSwiftPackageReference "Then" */;
			productName = Then;
		};
		61D9250E2B4965D0002A16B4 /* IQKeyboardManagerSwift */ = {
			isa = XCSwiftPackageProductDependency;
			package = 61D9250D2B4965D0002A16B4 /* XCRemoteSwiftPackageReference "IQKeyboardManager" */;
			productName = IQKeyboardManagerSwift;
		};
/* End XCSwiftPackageProductDependency section */
	};
	rootObject = 0A9E0A3B2B3DCAB90094595A /* Project object */;
}
